
Microsoft Visual Studio Solution File, Format Version 12.00
# Visual Studio Version 16
VisualStudioVersion = 16.0.31911.196
MinimumVisualStudioVersion = 10.0.40219.1
Project("{FAE04EC0-301F-11D3-BF4B-00C04F79EFBC}") = "Toplama", "Toplama\Toplama.csproj", "{006439D6-5A8E-456A-84A4-B96AF0C5804F}"
EndProject
Global
	GlobalSection(SolutionConfigurationPlatforms) = preSolution
		Debug|Any CPU = Debug|Any CPU
		Release|Any CPU = Release|Any CPU
	EndGlobalSection
	GlobalSection(ProjectConfigurationPlatforms) = postSolution
		{006439D6-5A8E-456A-84A4-B96AF0C5804F}.Debug|Any CPU.ActiveCfg = Debug|Any CPU
		{006439D6-5A8E-456A-84A4-B96AF0C5804F}.Debug|Any CPU.Build.0 = Debug|Any CPU
		{006439D6-5A8E-456A-84A4-B96AF0C5804F}.Release|Any CPU.ActiveCfg = Release|Any CPU
		{006439D6-5A8E-456A-84A4-B96AF0C5804F}.Release|Any CPU.Build.0 = Release|Any CPU
	EndGlobalSection
	GlobalSection(SolutionProperties) = preSolution
		HideSolutionNode = FALSE
	EndGlobalSection
	GlobalSection(ExtensibilityGlobals) = postSolution
		SolutionGuid = {381C394E-C216-49F9-8B4B-4BD3017C78BF}
	EndGlobalSection
EndGlobal
