
Microsoft Visual Studio Solution File, Format Version 12.00
# Visual Studio Version 16
VisualStudioVersion = 16.0.31911.196
MinimumVisualStudioVersion = 10.0.40219.1
Project("{FAE04EC0-301F-11D3-BF4B-00C04F79EFBC}") = "HelloWorld", "HelloWorld\HelloWorld.csproj", "{15EDC453-7790-47D7-9184-291A4362CB91}"
EndProject
Global
	GlobalSection(SolutionConfigurationPlatforms) = preSolution
		Debug|Any CPU = Debug|Any CPU
		Release|Any CPU = Release|Any CPU
	EndGlobalSection
	GlobalSection(ProjectConfigurationPlatforms) = postSolution
		{15EDC453-7790-47D7-9184-291A4362CB91}.Debug|Any CPU.ActiveCfg = Debug|Any CPU
		{15EDC453-7790-47D7-9184-291A4362CB91}.Debug|Any CPU.Build.0 = Debug|Any CPU
		{15EDC453-7790-47D7-9184-291A4362CB91}.Release|Any CPU.ActiveCfg = Release|Any CPU
		{15EDC453-7790-47D7-9184-291A4362CB91}.Release|Any CPU.Build.0 = Release|Any CPU
	EndGlobalSection
	GlobalSection(SolutionProperties) = preSolution
		HideSolutionNode = FALSE
	EndGlobalSection
	GlobalSection(ExtensibilityGlobals) = postSolution
		SolutionGuid = {816ABFF9-3B8A-485C-B0DC-4D6988FD50E7}
	EndGlobalSection
EndGlobal
