
Microsoft Visual Studio Solution File, Format Version 12.00
# Visual Studio Version 16
VisualStudioVersion = 16.0.31911.196
MinimumVisualStudioVersion = 10.0.40219.1
Project("{FAE04EC0-301F-11D3-BF4B-00C04F79EFBC}") = "Arrays", "Arrays\Arrays.csproj", "{A96B2BE0-8802-4BA0-849B-0450965C7BE2}"
EndProject
Global
	GlobalSection(SolutionConfigurationPlatforms) = preSolution
		Debug|Any CPU = Debug|Any CPU
		Release|Any CPU = Release|Any CPU
	EndGlobalSection
	GlobalSection(ProjectConfigurationPlatforms) = postSolution
		{A96B2BE0-8802-4BA0-849B-0450965C7BE2}.Debug|Any CPU.ActiveCfg = Debug|Any CPU
		{A96B2BE0-8802-4BA0-849B-0450965C7BE2}.Debug|Any CPU.Build.0 = Debug|Any CPU
		{A96B2BE0-8802-4BA0-849B-0450965C7BE2}.Release|Any CPU.ActiveCfg = Release|Any CPU
		{A96B2BE0-8802-4BA0-849B-0450965C7BE2}.Release|Any CPU.Build.0 = Release|Any CPU
	EndGlobalSection
	GlobalSection(SolutionProperties) = preSolution
		HideSolutionNode = FALSE
	EndGlobalSection
	GlobalSection(ExtensibilityGlobals) = postSolution
		SolutionGuid = {F1FAF33A-97AA-40C5-99E4-7E5F74E45C77}
	EndGlobalSection
EndGlobal
