
Microsoft Visual Studio Solution File, Format Version 12.00
# Visual Studio Version 16
VisualStudioVersion = 16.0.31911.196
MinimumVisualStudioVersion = 10.0.40219.1
Project("{FAE04EC0-301F-11D3-BF4B-00C04F79EFBC}") = "BoolOrnek", "BoolOrnek\BoolOrnek.csproj", "{E14EFA5A-D688-4BC7-9253-E1B02BCD353F}"
EndProject
Global
	GlobalSection(SolutionConfigurationPlatforms) = preSolution
		Debug|Any CPU = Debug|Any CPU
		Release|Any CPU = Release|Any CPU
	EndGlobalSection
	GlobalSection(ProjectConfigurationPlatforms) = postSolution
		{E14EFA5A-D688-4BC7-9253-E1B02BCD353F}.Debug|Any CPU.ActiveCfg = Debug|Any CPU
		{E14EFA5A-D688-4BC7-9253-E1B02BCD353F}.Debug|Any CPU.Build.0 = Debug|Any CPU
		{E14EFA5A-D688-4BC7-9253-E1B02BCD353F}.Release|Any CPU.ActiveCfg = Release|Any CPU
		{E14EFA5A-D688-4BC7-9253-E1B02BCD353F}.Release|Any CPU.Build.0 = Release|Any CPU
	EndGlobalSection
	GlobalSection(SolutionProperties) = preSolution
		HideSolutionNode = FALSE
	EndGlobalSection
	GlobalSection(ExtensibilityGlobals) = postSolution
		SolutionGuid = {93FBD527-B30A-4E02-809B-3428B024274F}
	EndGlobalSection
EndGlobal
